// !$*UTF8*$!
{
	archiveVersion = 1;
	classes = {
	};
	objectVersion = 46;
	objects = {

/* Begin PBXBuildFile section */
		483339D21A76C3AF00344DC8 /* dude.png in Resources */ = {isa = PBXBuildFile; fileRef = 483339D11A76C3AF00344DC8 /* dude.png */; };
		483339D61A76D32000344DC8 /* Rock.png in Resources */ = {isa = PBXBuildFile; fileRef = 483339D51A76D32000344DC8 /* Rock.png */; };
		487D5DE71A78221300359556 /* Spike.png in Resources */ = {isa = PBXBuildFile; fileRef = 487D5DE61A78221300359556 /* Spike.png */; };
		48CA06541A92DAEE00E76C05 /* Alien.swift in Sources */ = {isa = PBXBuildFile; fileRef = 48CA06531A92DAEE00E76C05 /* Alien.swift */; };
		48CA06561A92E50F00E76C05 /* FireBall.swift in Sources */ = {isa = PBXBuildFile; fileRef = 48CA06551A92E50F00E76C05 /* FireBall.swift */; };
		48D083B91A8832220088B654 /* dragon2.png in Resources */ = {isa = PBXBuildFile; fileRef = 48D083B81A8832220088B654 /* dragon2.png */; };
		48D415571A783D60005CE91C /* fireball.png in Resources */ = {isa = PBXBuildFile; fileRef = 48D415561A783D60005CE91C /* fireball.png */; };
		48D415591A787019005CE91C /* alienspaceship.png in Resources */ = {isa = PBXBuildFile; fileRef = 48D415581A787019005CE91C /* alienspaceship.png */; };
		48DD4C141AA8F9490044490F /* MediaItemCell.xib in Resources */ = {isa = PBXBuildFile; fileRef = FA1ADC891A8AF41B002DA4AC /* MediaItemCell.xib */; };
		48F91CA31A911A0E00496E42 /* Dragon.swift in Sources */ = {isa = PBXBuildFile; fileRef = 48F91CA21A911A0E00496E42 /* Dragon.swift */; };
		48F91CA51A911A6300496E42 /* BlackHole.swift in Sources */ = {isa = PBXBuildFile; fileRef = 48F91CA41A911A6300496E42 /* BlackHole.swift */; };
		55236CAF1A8ED74C00C7905B /* Player.swift in Sources */ = {isa = PBXBuildFile; fileRef = 55236CAE1A8ED74C00C7905B /* Player.swift */; };
		55236CB11A8EE27200C7905B /* PinkRock.swift in Sources */ = {isa = PBXBuildFile; fileRef = 55236CB01A8EE27200C7905B /* PinkRock.swift */; };
		55236CB31A8F181800C7905B /* Chaper.swift in Sources */ = {isa = PBXBuildFile; fileRef = 55236CB21A8F181800C7905B /* Chaper.swift */; };
		552457421A96BB950065BF5D /* DevNotes in Resources */ = {isa = PBXBuildFile; fileRef = 552457411A96BB950065BF5D /* DevNotes */; };
		554877C01A89BAC4005DE731 /* SpaceScene.swift in Sources */ = {isa = PBXBuildFile; fileRef = 554877BF1A89BAC4005DE731 /* SpaceScene.swift */; };
		554877C21A89BD6B005DE731 /* BackgroundLayer.swift in Sources */ = {isa = PBXBuildFile; fileRef = 554877C11A89BD6B005DE731 /* BackgroundLayer.swift */; };
		554877C41A89C22F005DE731 /* myrain.sks in Resources */ = {isa = PBXBuildFile; fileRef = 554877C31A89C22F005DE731 /* myrain.sks */; };
		554877C61A89E8EE005DE731 /* testCreatePhisicsBody.sks in Resources */ = {isa = PBXBuildFile; fileRef = 554877C51A89E8EE005DE731 /* testCreatePhisicsBody.sks */; };
		55769C801A91AA4A002B7B1B /* GameTime.swift in Sources */ = {isa = PBXBuildFile; fileRef = 55769C7F1A91AA4A002B7B1B /* GameTime.swift */; };
		55983BB91A7B68F20096CC8A /* dudeParticle.sks in Resources */ = {isa = PBXBuildFile; fileRef = 55983BB71A7B68F20096CC8A /* dudeParticle.sks */; };
		55983BBA1A7B68F20096CC8A /* spark.png in Resources */ = {isa = PBXBuildFile; fileRef = 55983BB81A7B68F20096CC8A /* spark.png */; };
		55D7F6C91A79914E006E8753 /* LooserScene.swift in Sources */ = {isa = PBXBuildFile; fileRef = 55D7F6C81A79914E006E8753 /* LooserScene.swift */; };
		B8A0F5091A7B1B8300EB9362 /* sparks.sks in Resources */ = {isa = PBXBuildFile; fileRef = B8A0F5071A7B1B8300EB9362 /* sparks.sks */; };
		B8A0F50A1A7B1B8300EB9362 /* spark.png in Resources */ = {isa = PBXBuildFile; fileRef = B8A0F5081A7B1B8300EB9362 /* spark.png */; };
		B8A0F5101A7B1C0B00EB9362 /* Fire.sks in Resources */ = {isa = PBXBuildFile; fileRef = B8A0F50F1A7B1C0B00EB9362 /* Fire.sks */; };
		B8A0F5141A7B1C3300EB9362 /* Magic.sks in Resources */ = {isa = PBXBuildFile; fileRef = B8A0F5131A7B1C3300EB9362 /* Magic.sks */; };
		B8A0F5181A7B1C4F00EB9362 /* bokeh.png in Resources */ = {isa = PBXBuildFile; fileRef = B8A0F5161A7B1C4F00EB9362 /* bokeh.png */; };
		B8F7F8131A7AB86700B55CC7 /* blackhole.png in Resources */ = {isa = PBXBuildFile; fileRef = B8F7F8121A7AB86700B55CC7 /* blackhole.png */; };
		C0E2189F1A795DE300880E41 /* MediaItemCell.swift in Sources */ = {isa = PBXBuildFile; fileRef = C0E2189E1A795DE300880E41 /* MediaItemCell.swift */; };
		C0E64CBC1A781A2F009C8D10 /* AnimationController.swift in Sources */ = {isa = PBXBuildFile; fileRef = C0E64CBB1A781A2F009C8D10 /* AnimationController.swift */; };
		C4D707CD1A76BEFB00A990A1 /* AppDelegate.swift in Sources */ = {isa = PBXBuildFile; fileRef = C4D707CC1A76BEFB00A990A1 /* AppDelegate.swift */; };
		C4D707D11A76BEFB00A990A1 /* GameScene.swift in Sources */ = {isa = PBXBuildFile; fileRef = C4D707D01A76BEFB00A990A1 /* GameScene.swift */; };
		C4D707D61A76BEFB00A990A1 /* Main.storyboard in Resources */ = {isa = PBXBuildFile; fileRef = C4D707D41A76BEFB00A990A1 /* Main.storyboard */; };
		C4D707D81A76BEFB00A990A1 /* Images.xcassets in Resources */ = {isa = PBXBuildFile; fileRef = C4D707D71A76BEFB00A990A1 /* Images.xcassets */; };
		C4D707DB1A76BEFB00A990A1 /* LaunchScreen.xib in Resources */ = {isa = PBXBuildFile; fileRef = C4D707D91A76BEFB00A990A1 /* LaunchScreen.xib */; };
		C4D707E71A76BEFC00A990A1 /* DoctorWizardTests.swift in Sources */ = {isa = PBXBuildFile; fileRef = C4D707E61A76BEFC00A990A1 /* DoctorWizardTests.swift */; };
		C4EA385C1A76C0AB00EC284C /* CGFloat+Extensions.swift in Sources */ = {isa = PBXBuildFile; fileRef = C4EA38501A76C0AB00EC284C /* CGFloat+Extensions.swift */; };
		C4EA385D1A76C0AB00EC284C /* CGPoint+Extensions.swift in Sources */ = {isa = PBXBuildFile; fileRef = C4EA38511A76C0AB00EC284C /* CGPoint+Extensions.swift */; };
		C4EA385E1A76C0AB00EC284C /* CGVector+Extensions.swift in Sources */ = {isa = PBXBuildFile; fileRef = C4EA38521A76C0AB00EC284C /* CGVector+Extensions.swift */; };
		C4EA385F1A76C0AB00EC284C /* Int+Extensions.swift in Sources */ = {isa = PBXBuildFile; fileRef = C4EA38531A76C0AB00EC284C /* Int+Extensions.swift */; };
		C4EA38601A76C0AB00EC284C /* SKAction+Extensions.swift in Sources */ = {isa = PBXBuildFile; fileRef = C4EA38541A76C0AB00EC284C /* SKAction+Extensions.swift */; };
		C4EA38611A76C0AB00EC284C /* SKAction+SpecialEffects.swift in Sources */ = {isa = PBXBuildFile; fileRef = C4EA38551A76C0AB00EC284C /* SKAction+SpecialEffects.swift */; };
		C4EA38621A76C0AB00EC284C /* SKColor+Extensions.swift in Sources */ = {isa = PBXBuildFile; fileRef = C4EA38561A76C0AB00EC284C /* SKColor+Extensions.swift */; };
		C4EA38631A76C0AB00EC284C /* SKNode+Extensions.swift in Sources */ = {isa = PBXBuildFile; fileRef = C4EA38571A76C0AB00EC284C /* SKNode+Extensions.swift */; };
		C4EA38641A76C0AB00EC284C /* SKTAudio.swift in Sources */ = {isa = PBXBuildFile; fileRef = C4EA38581A76C0AB00EC284C /* SKTAudio.swift */; };
		C4EA38651A76C0AB00EC284C /* SKTEffects.swift in Sources */ = {isa = PBXBuildFile; fileRef = C4EA38591A76C0AB00EC284C /* SKTEffects.swift */; };
		C4EA38661A76C0AB00EC284C /* SKTTimingFunctions.swift in Sources */ = {isa = PBXBuildFile; fileRef = C4EA385A1A76C0AB00EC284C /* SKTTimingFunctions.swift */; };
		C4EA38671A76C0AB00EC284C /* Vector3.swift in Sources */ = {isa = PBXBuildFile; fileRef = C4EA385B1A76C0AB00EC284C /* Vector3.swift */; };
		FA203EEF1A76C23C00FF4D64 /* MainMenuViewController.swift in Sources */ = {isa = PBXBuildFile; fileRef = FA203EEE1A76C23C00FF4D64 /* MainMenuViewController.swift */; };
		FA3FA04A1A96A80200D6A1F3 /* GameCenterKit.swift in Sources */ = {isa = PBXBuildFile; fileRef = FA3FA0491A96A80200D6A1F3 /* GameCenterKit.swift */; };
		FA3FA04E1A96BE7000D6A1F3 /* AchievementsHelper.swift in Sources */ = {isa = PBXBuildFile; fileRef = FA3FA04D1A96BE7000D6A1F3 /* AchievementsHelper.swift */; };
		FA4116DD1A78463700FCC212 /* blop_eleven.wav in Resources */ = {isa = PBXBuildFile; fileRef = FA4116CB1A78463700FCC212 /* blop_eleven.wav */; };
		FA4116DE1A78463700FCC212 /* blop_four.wav in Resources */ = {isa = PBXBuildFile; fileRef = FA4116CC1A78463700FCC212 /* blop_four.wav */; };
		FA4116DF1A78463700FCC212 /* blop_nine.wav in Resources */ = {isa = PBXBuildFile; fileRef = FA4116CD1A78463700FCC212 /* blop_nine.wav */; };
		FA4116E01A78463700FCC212 /* blop_seven.wav in Resources */ = {isa = PBXBuildFile; fileRef = FA4116CE1A78463700FCC212 /* blop_seven.wav */; };
		FA4116E11A78463700FCC212 /* blop_thirteen.wav in Resources */ = {isa = PBXBuildFile; fileRef = FA4116CF1A78463700FCC212 /* blop_thirteen.wav */; };
		FA4116E21A78463700FCC212 /* blop_three.wav in Resources */ = {isa = PBXBuildFile; fileRef = FA4116D01A78463700FCC212 /* blop_three.wav */; };
		FA4116E31A78463700FCC212 /* chaos.wav in Resources */ = {isa = PBXBuildFile; fileRef = FA4116D11A78463700FCC212 /* chaos.wav */; };
		FA4116E41A78463700FCC212 /* chom_one.wav in Resources */ = {isa = PBXBuildFile; fileRef = FA4116D21A78463700FCC212 /* chom_one.wav */; };
		FA4116E51A78463700FCC212 /* chom_two.wav in Resources */ = {isa = PBXBuildFile; fileRef = FA4116D31A78463700FCC212 /* chom_two.wav */; };
		FA4116E61A78463700FCC212 /* clicks_one.wav in Resources */ = {isa = PBXBuildFile; fileRef = FA4116D41A78463700FCC212 /* clicks_one.wav */; };
		FA4116E71A78463700FCC212 /* clicks_three.wav in Resources */ = {isa = PBXBuildFile; fileRef = FA4116D51A78463700FCC212 /* clicks_three.wav */; };
		FA4116E81A78463700FCC212 /* clicks_two.wav in Resources */ = {isa = PBXBuildFile; fileRef = FA4116D61A78463700FCC212 /* clicks_two.wav */; };
		FA4116E91A78463700FCC212 /* garbal_blips.wav in Resources */ = {isa = PBXBuildFile; fileRef = FA4116D71A78463700FCC212 /* garbal_blips.wav */; };
		FA4116EA1A78463700FCC212 /* rerrr.wav in Resources */ = {isa = PBXBuildFile; fileRef = FA4116D81A78463700FCC212 /* rerrr.wav */; };
		FA4116EB1A78463700FCC212 /* tick_one.wav in Resources */ = {isa = PBXBuildFile; fileRef = FA4116D91A78463700FCC212 /* tick_one.wav */; };
		FA4116EC1A78463700FCC212 /* tick_two.wav in Resources */ = {isa = PBXBuildFile; fileRef = FA4116DA1A78463700FCC212 /* tick_two.wav */; };
		FA4116ED1A78463700FCC212 /* lux.wav in Resources */ = {isa = PBXBuildFile; fileRef = FA4116DC1A78463700FCC212 /* lux.wav */; };
		FA95887D1A7ADFAE0008F1FF /* WinScene.swift in Sources */ = {isa = PBXBuildFile; fileRef = FA95887C1A7ADFAE0008F1FF /* WinScene.swift */; };
		FAE5408F1A7866A000B72DFD /* MediaItemTableViewController.swift in Sources */ = {isa = PBXBuildFile; fileRef = FAE5408E1A7866A000B72DFD /* MediaItemTableViewController.swift */; };
		FF9CD9471A7B779B005A3BD5 /* drWizardConsoleBar_3000_wLabels.png in Resources */ = {isa = PBXBuildFile; fileRef = FF9CD9461A7B779B005A3BD5 /* drWizardConsoleBar_3000_wLabels.png */; };
		FF9CD94B1A7B852A005A3BD5 /* DrWizardConsoleBarExtender.png in Resources */ = {isa = PBXBuildFile; fileRef = FF9CD94A1A7B852A005A3BD5 /* DrWizardConsoleBarExtender.png */; };
		FFB0777E1A940F7300D77DEB /* GALACTICVANGUARDIANNCV.ttf in Resources */ = {isa = PBXBuildFile; fileRef = FFB0777D1A940F6700D77DEB /* GALACTICVANGUARDIANNCV.ttf */; };
		FFB495EB1A76F18000A67FF4 /* PopUpMenuController.swift in Sources */ = {isa = PBXBuildFile; fileRef = FFB495EA1A76F18000A67FF4 /* PopUpMenuController.swift */; };
/* End PBXBuildFile section */

/* Begin PBXContainerItemProxy section */
		C4D707E11A76BEFC00A990A1 /* PBXContainerItemProxy */ = {
			isa = PBXContainerItemProxy;
			containerPortal = C4D707BF1A76BEFB00A990A1 /* Project object */;
			proxyType = 1;
			remoteGlobalIDString = C4D707C61A76BEFB00A990A1;
			remoteInfo = DoctorWizard;
		};
/* End PBXContainerItemProxy section */

/* Begin PBXFileReference section */
		483339D11A76C3AF00344DC8 /* dude.png */ = {isa = PBXFileReference; lastKnownFileType = image.png; path = dude.png; sourceTree = "<group>"; };
		483339D51A76D32000344DC8 /* Rock.png */ = {isa = PBXFileReference; lastKnownFileType = image.png; path = Rock.png; sourceTree = "<group>"; };
		487D5DE61A78221300359556 /* Spike.png */ = {isa = PBXFileReference; lastKnownFileType = image.png; path = Spike.png; sourceTree = "<group>"; };
		48CA06531A92DAEE00E76C05 /* Alien.swift */ = {isa = PBXFileReference; fileEncoding = 4; lastKnownFileType = sourcecode.swift; path = Alien.swift; sourceTree = "<group>"; };
		48CA06551A92E50F00E76C05 /* FireBall.swift */ = {isa = PBXFileReference; fileEncoding = 4; lastKnownFileType = sourcecode.swift; path = FireBall.swift; sourceTree = "<group>"; };
		48D083B81A8832220088B654 /* dragon2.png */ = {isa = PBXFileReference; lastKnownFileType = image.png; path = dragon2.png; sourceTree = "<group>"; };
		48D415561A783D60005CE91C /* fireball.png */ = {isa = PBXFileReference; lastKnownFileType = image.png; path = fireball.png; sourceTree = "<group>"; };
		48D415581A787019005CE91C /* alienspaceship.png */ = {isa = PBXFileReference; lastKnownFileType = image.png; path = alienspaceship.png; sourceTree = "<group>"; };
		48F91CA21A911A0E00496E42 /* Dragon.swift */ = {isa = PBXFileReference; fileEncoding = 4; lastKnownFileType = sourcecode.swift; path = Dragon.swift; sourceTree = "<group>"; };
		48F91CA41A911A6300496E42 /* BlackHole.swift */ = {isa = PBXFileReference; fileEncoding = 4; lastKnownFileType = sourcecode.swift; path = BlackHole.swift; sourceTree = "<group>"; };
		55236CAE1A8ED74C00C7905B /* Player.swift */ = {isa = PBXFileReference; fileEncoding = 4; lastKnownFileType = sourcecode.swift; path = Player.swift; sourceTree = "<group>"; };
		55236CB01A8EE27200C7905B /* PinkRock.swift */ = {isa = PBXFileReference; fileEncoding = 4; lastKnownFileType = sourcecode.swift; path = PinkRock.swift; sourceTree = "<group>"; };
		55236CB21A8F181800C7905B /* Chaper.swift */ = {isa = PBXFileReference; fileEncoding = 4; lastKnownFileType = sourcecode.swift; path = Chaper.swift; sourceTree = "<group>"; };
		552457411A96BB950065BF5D /* DevNotes */ = {isa = PBXFileReference; fileEncoding = 4; lastKnownFileType = text; path = DevNotes; sourceTree = "<group>"; };
		554877BF1A89BAC4005DE731 /* SpaceScene.swift */ = {isa = PBXFileReference; fileEncoding = 4; lastKnownFileType = sourcecode.swift; path = SpaceScene.swift; sourceTree = "<group>"; };
		554877C11A89BD6B005DE731 /* BackgroundLayer.swift */ = {isa = PBXFileReference; fileEncoding = 4; lastKnownFileType = sourcecode.swift; path = BackgroundLayer.swift; sourceTree = "<group>"; };
		554877C31A89C22F005DE731 /* myrain.sks */ = {isa = PBXFileReference; lastKnownFileType = file.sks; path = myrain.sks; sourceTree = "<group>"; };
		554877C51A89E8EE005DE731 /* testCreatePhisicsBody.sks */ = {isa = PBXFileReference; lastKnownFileType = file.sks; path = testCreatePhisicsBody.sks; sourceTree = "<group>"; };
		55769C7F1A91AA4A002B7B1B /* GameTime.swift */ = {isa = PBXFileReference; fileEncoding = 4; lastKnownFileType = sourcecode.swift; path = GameTime.swift; sourceTree = "<group>"; };
		55983BB71A7B68F20096CC8A /* dudeParticle.sks */ = {isa = PBXFileReference; lastKnownFileType = file.sks; name = dudeParticle.sks; path = ../dudeParticle.sks; sourceTree = "<group>"; };
		55983BB81A7B68F20096CC8A /* spark.png */ = {isa = PBXFileReference; lastKnownFileType = image.png; name = spark.png; path = ../spark.png; sourceTree = "<group>"; };
		55D7F6C81A79914E006E8753 /* LooserScene.swift */ = {isa = PBXFileReference; fileEncoding = 4; lastKnownFileType = sourcecode.swift; path = LooserScene.swift; sourceTree = "<group>"; };
		B8A0F5071A7B1B8300EB9362 /* sparks.sks */ = {isa = PBXFileReference; lastKnownFileType = file.sks; path = sparks.sks; sourceTree = "<group>"; };
		B8A0F5081A7B1B8300EB9362 /* spark.png */ = {isa = PBXFileReference; lastKnownFileType = image.png; path = spark.png; sourceTree = "<group>"; };
		B8A0F50F1A7B1C0B00EB9362 /* Fire.sks */ = {isa = PBXFileReference; lastKnownFileType = file.sks; path = Fire.sks; sourceTree = "<group>"; };
		B8A0F5131A7B1C3300EB9362 /* Magic.sks */ = {isa = PBXFileReference; lastKnownFileType = file.sks; path = Magic.sks; sourceTree = "<group>"; };
		B8A0F5161A7B1C4F00EB9362 /* bokeh.png */ = {isa = PBXFileReference; lastKnownFileType = image.png; path = bokeh.png; sourceTree = "<group>"; };
		B8F7F8121A7AB86700B55CC7 /* blackhole.png */ = {isa = PBXFileReference; lastKnownFileType = image.png; path = blackhole.png; sourceTree = "<group>"; };
		C0E2189E1A795DE300880E41 /* MediaItemCell.swift */ = {isa = PBXFileReference; fileEncoding = 4; lastKnownFileType = sourcecode.swift; path = MediaItemCell.swift; sourceTree = "<group>"; };
		C0E64CBB1A781A2F009C8D10 /* AnimationController.swift */ = {isa = PBXFileReference; fileEncoding = 4; lastKnownFileType = sourcecode.swift; path = AnimationController.swift; sourceTree = "<group>"; };
		C4D707C71A76BEFB00A990A1 /* DoctorWizard.app */ = {isa = PBXFileReference; explicitFileType = wrapper.application; includeInIndex = 0; path = DoctorWizard.app; sourceTree = BUILT_PRODUCTS_DIR; };
		C4D707CB1A76BEFB00A990A1 /* Info.plist */ = {isa = PBXFileReference; lastKnownFileType = text.plist.xml; path = Info.plist; sourceTree = "<group>"; };
		C4D707CC1A76BEFB00A990A1 /* AppDelegate.swift */ = {isa = PBXFileReference; lastKnownFileType = sourcecode.swift; path = AppDelegate.swift; sourceTree = "<group>"; };
		C4D707D01A76BEFB00A990A1 /* GameScene.swift */ = {isa = PBXFileReference; lastKnownFileType = sourcecode.swift; path = GameScene.swift; sourceTree = "<group>"; };
		C4D707D51A76BEFB00A990A1 /* Base */ = {isa = PBXFileReference; lastKnownFileType = file.storyboard; name = Base; path = Base.lproj/Main.storyboard; sourceTree = "<group>"; };
		C4D707D71A76BEFB00A990A1 /* Images.xcassets */ = {isa = PBXFileReference; lastKnownFileType = folder.assetcatalog; path = Images.xcassets; sourceTree = "<group>"; };
		C4D707DA1A76BEFB00A990A1 /* Base */ = {isa = PBXFileReference; lastKnownFileType = file.xib; name = Base; path = Base.lproj/LaunchScreen.xib; sourceTree = "<group>"; };
		C4D707E01A76BEFC00A990A1 /* DoctorWizardTests.xctest */ = {isa = PBXFileReference; explicitFileType = wrapper.cfbundle; includeInIndex = 0; path = DoctorWizardTests.xctest; sourceTree = BUILT_PRODUCTS_DIR; };
		C4D707E51A76BEFC00A990A1 /* Info.plist */ = {isa = PBXFileReference; lastKnownFileType = text.plist.xml; path = Info.plist; sourceTree = "<group>"; };
		C4D707E61A76BEFC00A990A1 /* DoctorWizardTests.swift */ = {isa = PBXFileReference; lastKnownFileType = sourcecode.swift; path = DoctorWizardTests.swift; sourceTree = "<group>"; };
		C4EA38501A76C0AB00EC284C /* CGFloat+Extensions.swift */ = {isa = PBXFileReference; fileEncoding = 4; lastKnownFileType = sourcecode.swift; path = "CGFloat+Extensions.swift"; sourceTree = "<group>"; };
		C4EA38511A76C0AB00EC284C /* CGPoint+Extensions.swift */ = {isa = PBXFileReference; fileEncoding = 4; lastKnownFileType = sourcecode.swift; path = "CGPoint+Extensions.swift"; sourceTree = "<group>"; };
		C4EA38521A76C0AB00EC284C /* CGVector+Extensions.swift */ = {isa = PBXFileReference; fileEncoding = 4; lastKnownFileType = sourcecode.swift; path = "CGVector+Extensions.swift"; sourceTree = "<group>"; };
		C4EA38531A76C0AB00EC284C /* Int+Extensions.swift */ = {isa = PBXFileReference; fileEncoding = 4; lastKnownFileType = sourcecode.swift; path = "Int+Extensions.swift"; sourceTree = "<group>"; };
		C4EA38541A76C0AB00EC284C /* SKAction+Extensions.swift */ = {isa = PBXFileReference; fileEncoding = 4; lastKnownFileType = sourcecode.swift; path = "SKAction+Extensions.swift"; sourceTree = "<group>"; };
		C4EA38551A76C0AB00EC284C /* SKAction+SpecialEffects.swift */ = {isa = PBXFileReference; fileEncoding = 4; lastKnownFileType = sourcecode.swift; path = "SKAction+SpecialEffects.swift"; sourceTree = "<group>"; };
		C4EA38561A76C0AB00EC284C /* SKColor+Extensions.swift */ = {isa = PBXFileReference; fileEncoding = 4; lastKnownFileType = sourcecode.swift; path = "SKColor+Extensions.swift"; sourceTree = "<group>"; };
		C4EA38571A76C0AB00EC284C /* SKNode+Extensions.swift */ = {isa = PBXFileReference; fileEncoding = 4; lastKnownFileType = sourcecode.swift; path = "SKNode+Extensions.swift"; sourceTree = "<group>"; };
		C4EA38581A76C0AB00EC284C /* SKTAudio.swift */ = {isa = PBXFileReference; fileEncoding = 4; lastKnownFileType = sourcecode.swift; path = SKTAudio.swift; sourceTree = "<group>"; };
		C4EA38591A76C0AB00EC284C /* SKTEffects.swift */ = {isa = PBXFileReference; fileEncoding = 4; lastKnownFileType = sourcecode.swift; path = SKTEffects.swift; sourceTree = "<group>"; };
		C4EA385A1A76C0AB00EC284C /* SKTTimingFunctions.swift */ = {isa = PBXFileReference; fileEncoding = 4; lastKnownFileType = sourcecode.swift; path = SKTTimingFunctions.swift; sourceTree = "<group>"; };
		C4EA385B1A76C0AB00EC284C /* Vector3.swift */ = {isa = PBXFileReference; fileEncoding = 4; lastKnownFileType = sourcecode.swift; path = Vector3.swift; sourceTree = "<group>"; };
		FA1ADC891A8AF41B002DA4AC /* MediaItemCell.xib */ = {isa = PBXFileReference; fileEncoding = 4; lastKnownFileType = file.xib; path = MediaItemCell.xib; sourceTree = "<group>"; };
		FA203EEE1A76C23C00FF4D64 /* MainMenuViewController.swift */ = {isa = PBXFileReference; fileEncoding = 4; lastKnownFileType = sourcecode.swift; name = MainMenuViewController.swift; path = SKTUtils/MainMenuViewController.swift; sourceTree = "<group>"; };
		FA3FA0491A96A80200D6A1F3 /* GameCenterKit.swift */ = {isa = PBXFileReference; fileEncoding = 4; lastKnownFileType = sourcecode.swift; path = GameCenterKit.swift; sourceTree = "<group>"; };
		FA3FA04D1A96BE7000D6A1F3 /* AchievementsHelper.swift */ = {isa = PBXFileReference; fileEncoding = 4; lastKnownFileType = sourcecode.swift; path = AchievementsHelper.swift; sourceTree = "<group>"; };
		FA4116CB1A78463700FCC212 /* blop_eleven.wav */ = {isa = PBXFileReference; lastKnownFileType = audio.wav; path = blop_eleven.wav; sourceTree = "<group>"; };
		FA4116CC1A78463700FCC212 /* blop_four.wav */ = {isa = PBXFileReference; lastKnownFileType = audio.wav; path = blop_four.wav; sourceTree = "<group>"; };
		FA4116CD1A78463700FCC212 /* blop_nine.wav */ = {isa = PBXFileReference; lastKnownFileType = audio.wav; path = blop_nine.wav; sourceTree = "<group>"; };
		FA4116CE1A78463700FCC212 /* blop_seven.wav */ = {isa = PBXFileReference; lastKnownFileType = audio.wav; path = blop_seven.wav; sourceTree = "<group>"; };
		FA4116CF1A78463700FCC212 /* blop_thirteen.wav */ = {isa = PBXFileReference; lastKnownFileType = audio.wav; path = blop_thirteen.wav; sourceTree = "<group>"; };
		FA4116D01A78463700FCC212 /* blop_three.wav */ = {isa = PBXFileReference; lastKnownFileType = audio.wav; path = blop_three.wav; sourceTree = "<group>"; };
		FA4116D11A78463700FCC212 /* chaos.wav */ = {isa = PBXFileReference; lastKnownFileType = audio.wav; path = chaos.wav; sourceTree = "<group>"; };
		FA4116D21A78463700FCC212 /* chom_one.wav */ = {isa = PBXFileReference; lastKnownFileType = audio.wav; path = chom_one.wav; sourceTree = "<group>"; };
		FA4116D31A78463700FCC212 /* chom_two.wav */ = {isa = PBXFileReference; lastKnownFileType = audio.wav; path = chom_two.wav; sourceTree = "<group>"; };
		FA4116D41A78463700FCC212 /* clicks_one.wav */ = {isa = PBXFileReference; lastKnownFileType = audio.wav; path = clicks_one.wav; sourceTree = "<group>"; };
		FA4116D51A78463700FCC212 /* clicks_three.wav */ = {isa = PBXFileReference; lastKnownFileType = audio.wav; path = clicks_three.wav; sourceTree = "<group>"; };
		FA4116D61A78463700FCC212 /* clicks_two.wav */ = {isa = PBXFileReference; lastKnownFileType = audio.wav; path = clicks_two.wav; sourceTree = "<group>"; };
		FA4116D71A78463700FCC212 /* garbal_blips.wav */ = {isa = PBXFileReference; lastKnownFileType = audio.wav; path = garbal_blips.wav; sourceTree = "<group>"; };
		FA4116D81A78463700FCC212 /* rerrr.wav */ = {isa = PBXFileReference; lastKnownFileType = audio.wav; path = rerrr.wav; sourceTree = "<group>"; };
		FA4116D91A78463700FCC212 /* tick_one.wav */ = {isa = PBXFileReference; lastKnownFileType = audio.wav; path = tick_one.wav; sourceTree = "<group>"; };
		FA4116DA1A78463700FCC212 /* tick_two.wav */ = {isa = PBXFileReference; lastKnownFileType = audio.wav; path = tick_two.wav; sourceTree = "<group>"; };
		FA4116DC1A78463700FCC212 /* lux.wav */ = {isa = PBXFileReference; lastKnownFileType = audio.wav; path = lux.wav; sourceTree = "<group>"; };
		FA95887C1A7ADFAE0008F1FF /* WinScene.swift */ = {isa = PBXFileReference; fileEncoding = 4; lastKnownFileType = sourcecode.swift; path = WinScene.swift; sourceTree = "<group>"; };
		FAE5408E1A7866A000B72DFD /* MediaItemTableViewController.swift */ = {isa = PBXFileReference; fileEncoding = 4; lastKnownFileType = sourcecode.swift; path = MediaItemTableViewController.swift; sourceTree = "<group>"; };
		FF9CD9461A7B779B005A3BD5 /* drWizardConsoleBar_3000_wLabels.png */ = {isa = PBXFileReference; lastKnownFileType = image.png; path = drWizardConsoleBar_3000_wLabels.png; sourceTree = "<group>"; };
		FF9CD94A1A7B852A005A3BD5 /* DrWizardConsoleBarExtender.png */ = {isa = PBXFileReference; lastKnownFileType = image.png; path = DrWizardConsoleBarExtender.png; sourceTree = "<group>"; };
		FFB0777B1A94059900D77DEB /* Audiowide-Regular.ttf */ = {isa = PBXFileReference; lastKnownFileType = file; path = "Audiowide-Regular.ttf"; sourceTree = "<group>"; };
		FFB0777D1A940F6700D77DEB /* GALACTICVANGUARDIANNCV.ttf */ = {isa = PBXFileReference; lastKnownFileType = file; path = GALACTICVANGUARDIANNCV.ttf; sourceTree = "<group>"; };
		FFB495EA1A76F18000A67FF4 /* PopUpMenuController.swift */ = {isa = PBXFileReference; fileEncoding = 4; lastKnownFileType = sourcecode.swift; path = PopUpMenuController.swift; sourceTree = "<group>"; };
/* End PBXFileReference section */

/* Begin PBXFrameworksBuildPhase section */
		C4D707C41A76BEFB00A990A1 /* Frameworks */ = {
			isa = PBXFrameworksBuildPhase;
			buildActionMask = 2147483647;
			files = (
			);
			runOnlyForDeploymentPostprocessing = 0;
		};
		C4D707DD1A76BEFC00A990A1 /* Frameworks */ = {
			isa = PBXFrameworksBuildPhase;
			buildActionMask = 2147483647;
			files = (
			);
			runOnlyForDeploymentPostprocessing = 0;
		};
/* End PBXFrameworksBuildPhase section */

/* Begin PBXGroup section */
		B8A0F5061A7B1B1600EB9362 /* Particles */ = {
			isa = PBXGroup;
			children = (
				B8A0F5071A7B1B8300EB9362 /* sparks.sks */,
				B8A0F5081A7B1B8300EB9362 /* spark.png */,
				B8A0F50F1A7B1C0B00EB9362 /* Fire.sks */,
				B8A0F5131A7B1C3300EB9362 /* Magic.sks */,
				B8A0F5161A7B1C4F00EB9362 /* bokeh.png */,
			);
			name = Particles;
			sourceTree = "<group>";
		};
		C4D707BE1A76BEFB00A990A1 = {
			isa = PBXGroup;
			children = (
				552457411A96BB950065BF5D /* DevNotes */,
				554877C51A89E8EE005DE731 /* testCreatePhisicsBody.sks */,
				C4D707C91A76BEFB00A990A1 /* DoctorWizard */,
				C4D707E31A76BEFC00A990A1 /* DoctorWizardTests */,
				C4D707C81A76BEFB00A990A1 /* Products */,
			);
			sourceTree = "<group>";
		};
		C4D707C81A76BEFB00A990A1 /* Products */ = {
			isa = PBXGroup;
			children = (
				C4D707C71A76BEFB00A990A1 /* DoctorWizard.app */,
				C4D707E01A76BEFC00A990A1 /* DoctorWizardTests.xctest */,
			);
			name = Products;
			sourceTree = "<group>";
		};
		C4D707C91A76BEFB00A990A1 /* DoctorWizard */ = {
			isa = PBXGroup;
			children = (
				FA231A1D1AA640FD00794296 /* Win and Lose Scenes */,
				FA3FA0481A96A6D600D6A1F3 /* Game Center */,
				B8A0F5061A7B1B1600EB9362 /* Particles */,
				FA4116C91A78463700FCC212 /* Sounds */,
				C4EA384F1A76C0AB00EC284C /* SKTUtils */,
				C4D707CC1A76BEFB00A990A1 /* AppDelegate.swift */,
				55769C7F1A91AA4A002B7B1B /* GameTime.swift */,
				FA203EEE1A76C23C00FF4D64 /* MainMenuViewController.swift */,
				FAE5408E1A7866A000B72DFD /* MediaItemTableViewController.swift */,
				C0E2189E1A795DE300880E41 /* MediaItemCell.swift */,
				48F91CA21A911A0E00496E42 /* Dragon.swift */,
				48F91CA41A911A6300496E42 /* BlackHole.swift */,
				C0E64CBB1A781A2F009C8D10 /* AnimationController.swift */,
				C4D707D01A76BEFB00A990A1 /* GameScene.swift */,
				48CA06531A92DAEE00E76C05 /* Alien.swift */,
				48CA06551A92E50F00E76C05 /* FireBall.swift */,
				554877C31A89C22F005DE731 /* myrain.sks */,
				55236CAE1A8ED74C00C7905B /* Player.swift */,
				55236CB01A8EE27200C7905B /* PinkRock.swift */,
				55236CB21A8F181800C7905B /* Chaper.swift */,
				554877BF1A89BAC4005DE731 /* SpaceScene.swift */,
				554877C11A89BD6B005DE731 /* BackgroundLayer.swift */,
				C4D707D41A76BEFB00A990A1 /* Main.storyboard */,
				FFB495EA1A76F18000A67FF4 /* PopUpMenuController.swift */,
				C4D707D71A76BEFB00A990A1 /* Images.xcassets */,
				C4D707D91A76BEFB00A990A1 /* LaunchScreen.xib */,
				55983BB71A7B68F20096CC8A /* dudeParticle.sks */,
				C4D707CA1A76BEFB00A990A1 /* Supporting Files */,
				FA1ADC891A8AF41B002DA4AC /* MediaItemCell.xib */,
			);
			path = DoctorWizard;
			sourceTree = "<group>";
		};
		C4D707CA1A76BEFB00A990A1 /* Supporting Files */ = {
			isa = PBXGroup;
			children = (
				FFB0777B1A94059900D77DEB /* Audiowide-Regular.ttf */,
				FFB0777D1A940F6700D77DEB /* GALACTICVANGUARDIANNCV.ttf */,
				55983BB81A7B68F20096CC8A /* spark.png */,
				FF9CD94A1A7B852A005A3BD5 /* DrWizardConsoleBarExtender.png */,
				FF9CD9461A7B779B005A3BD5 /* drWizardConsoleBar_3000_wLabels.png */,
				48D083B81A8832220088B654 /* dragon2.png */,
				483339D11A76C3AF00344DC8 /* dude.png */,
				48D415581A787019005CE91C /* alienspaceship.png */,
				B8F7F8121A7AB86700B55CC7 /* blackhole.png */,
				48D415561A783D60005CE91C /* fireball.png */,
				487D5DE61A78221300359556 /* Spike.png */,
				483339D51A76D32000344DC8 /* Rock.png */,
				C4D707CB1A76BEFB00A990A1 /* Info.plist */,
			);
			name = "Supporting Files";
			sourceTree = "<group>";
		};
		C4D707E31A76BEFC00A990A1 /* DoctorWizardTests */ = {
			isa = PBXGroup;
			children = (
				C4D707E61A76BEFC00A990A1 /* DoctorWizardTests.swift */,
				C4D707E41A76BEFC00A990A1 /* Supporting Files */,
			);
			path = DoctorWizardTests;
			sourceTree = "<group>";
		};
		C4D707E41A76BEFC00A990A1 /* Supporting Files */ = {
			isa = PBXGroup;
			children = (
				C4D707E51A76BEFC00A990A1 /* Info.plist */,
			);
			name = "Supporting Files";
			sourceTree = "<group>";
		};
		C4EA384F1A76C0AB00EC284C /* SKTUtils */ = {
			isa = PBXGroup;
			children = (
				C4EA38501A76C0AB00EC284C /* CGFloat+Extensions.swift */,
				C4EA38511A76C0AB00EC284C /* CGPoint+Extensions.swift */,
				C4EA38521A76C0AB00EC284C /* CGVector+Extensions.swift */,
				C4EA38531A76C0AB00EC284C /* Int+Extensions.swift */,
				C4EA38541A76C0AB00EC284C /* SKAction+Extensions.swift */,
				C4EA38551A76C0AB00EC284C /* SKAction+SpecialEffects.swift */,
				C4EA38561A76C0AB00EC284C /* SKColor+Extensions.swift */,
				C4EA38571A76C0AB00EC284C /* SKNode+Extensions.swift */,
				C4EA38581A76C0AB00EC284C /* SKTAudio.swift */,
				C4EA38591A76C0AB00EC284C /* SKTEffects.swift */,
				C4EA385A1A76C0AB00EC284C /* SKTTimingFunctions.swift */,
				C4EA385B1A76C0AB00EC284C /* Vector3.swift */,
			);
			path = SKTUtils;
			sourceTree = "<group>";
		};
		FA231A1D1AA640FD00794296 /* Win and Lose Scenes */ = {
			isa = PBXGroup;
			children = (
				55D7F6C81A79914E006E8753 /* LooserScene.swift */,
				FA95887C1A7ADFAE0008F1FF /* WinScene.swift */,
			);
			name = "Win and Lose Scenes";
			sourceTree = "<group>";
		};
		FA3FA0481A96A6D600D6A1F3 /* Game Center */ = {
			isa = PBXGroup;
			children = (
				FA3FA0491A96A80200D6A1F3 /* GameCenterKit.swift */,
				FA3FA04D1A96BE7000D6A1F3 /* AchievementsHelper.swift */,
			);
			name = "Game Center";
			sourceTree = "<group>";
		};
		FA4116C91A78463700FCC212 /* Sounds */ = {
			isa = PBXGroup;
			children = (
				FA4116CA1A78463700FCC212 /* noises */,
				FA4116DB1A78463700FCC212 /* song */,
			);
			path = Sounds;
			sourceTree = "<group>";
		};
		FA4116CA1A78463700FCC212 /* noises */ = {
			isa = PBXGroup;
			children = (
				FA4116CB1A78463700FCC212 /* blop_eleven.wav */,
				FA4116CC1A78463700FCC212 /* blop_four.wav */,
				FA4116CD1A78463700FCC212 /* blop_nine.wav */,
				FA4116CE1A78463700FCC212 /* blop_seven.wav */,
				FA4116CF1A78463700FCC212 /* blop_thirteen.wav */,
				FA4116D01A78463700FCC212 /* blop_three.wav */,
				FA4116D11A78463700FCC212 /* chaos.wav */,
				FA4116D21A78463700FCC212 /* chom_one.wav */,
				FA4116D31A78463700FCC212 /* chom_two.wav */,
				FA4116D41A78463700FCC212 /* clicks_one.wav */,
				FA4116D51A78463700FCC212 /* clicks_three.wav */,
				FA4116D61A78463700FCC212 /* clicks_two.wav */,
				FA4116D71A78463700FCC212 /* garbal_blips.wav */,
				FA4116D81A78463700FCC212 /* rerrr.wav */,
				FA4116D91A78463700FCC212 /* tick_one.wav */,
				FA4116DA1A78463700FCC212 /* tick_two.wav */,
			);
			path = noises;
			sourceTree = "<group>";
		};
		FA4116DB1A78463700FCC212 /* song */ = {
			isa = PBXGroup;
			children = (
				FA4116DC1A78463700FCC212 /* lux.wav */,
			);
			path = song;
			sourceTree = "<group>";
		};
/* End PBXGroup section */

/* Begin PBXNativeTarget section */
		C4D707C61A76BEFB00A990A1 /* DoctorWizard */ = {
			isa = PBXNativeTarget;
			buildConfigurationList = C4D707EA1A76BEFC00A990A1 /* Build configuration list for PBXNativeTarget "DoctorWizard" */;
			buildPhases = (
				C4D707C31A76BEFB00A990A1 /* Sources */,
				C4D707C41A76BEFB00A990A1 /* Frameworks */,
				C4D707C51A76BEFB00A990A1 /* Resources */,
			);
			buildRules = (
			);
			dependencies = (
			);
			name = DoctorWizard;
			productName = DoctorWizard;
			productReference = C4D707C71A76BEFB00A990A1 /* DoctorWizard.app */;
			productType = "com.apple.product-type.application";
		};
		C4D707DF1A76BEFC00A990A1 /* DoctorWizardTests */ = {
			isa = PBXNativeTarget;
			buildConfigurationList = C4D707ED1A76BEFC00A990A1 /* Build configuration list for PBXNativeTarget "DoctorWizardTests" */;
			buildPhases = (
				C4D707DC1A76BEFC00A990A1 /* Sources */,
				C4D707DD1A76BEFC00A990A1 /* Frameworks */,
				C4D707DE1A76BEFC00A990A1 /* Resources */,
			);
			buildRules = (
			);
			dependencies = (
				C4D707E21A76BEFC00A990A1 /* PBXTargetDependency */,
			);
			name = DoctorWizardTests;
			productName = DoctorWizardTests;
			productReference = C4D707E01A76BEFC00A990A1 /* DoctorWizardTests.xctest */;
			productType = "com.apple.product-type.bundle.unit-test";
		};
/* End PBXNativeTarget section */

/* Begin PBXProject section */
		C4D707BF1A76BEFB00A990A1 /* Project object */ = {
			isa = PBXProject;
			attributes = {
				LastUpgradeCheck = 0610;
				ORGANIZATIONNAME = codefellows;
				TargetAttributes = {
					C4D707C61A76BEFB00A990A1 = {
						CreatedOnToolsVersion = 6.1.1;
						DevelopmentTeam = 2558H3Z4V9;
					};
					C4D707DF1A76BEFC00A990A1 = {
						CreatedOnToolsVersion = 6.1.1;
						DevelopmentTeam = 2558H3Z4V9;
						TestTargetID = C4D707C61A76BEFB00A990A1;
					};
				};
			};
			buildConfigurationList = C4D707C21A76BEFB00A990A1 /* Build configuration list for PBXProject "DoctorWizard" */;
			compatibilityVersion = "Xcode 3.2";
			developmentRegion = English;
			hasScannedForEncodings = 0;
			knownRegions = (
				en,
				Base,
			);
			mainGroup = C4D707BE1A76BEFB00A990A1;
			productRefGroup = C4D707C81A76BEFB00A990A1 /* Products */;
			projectDirPath = "";
			projectRoot = "";
			targets = (
				C4D707C61A76BEFB00A990A1 /* DoctorWizard */,
				C4D707DF1A76BEFC00A990A1 /* DoctorWizardTests */,
			);
		};
/* End PBXProject section */

/* Begin PBXResourcesBuildPhase section */
		C4D707C51A76BEFB00A990A1 /* Resources */ = {
			isa = PBXResourcesBuildPhase;
			buildActionMask = 2147483647;
			files = (
				B8A0F5101A7B1C0B00EB9362 /* Fire.sks in Resources */,
				554877C61A89E8EE005DE731 /* testCreatePhisicsBody.sks in Resources */,
				FA4116EA1A78463700FCC212 /* rerrr.wav in Resources */,
				FA4116EB1A78463700FCC212 /* tick_one.wav in Resources */,
				55983BBA1A7B68F20096CC8A /* spark.png in Resources */,
				B8A0F50A1A7B1B8300EB9362 /* spark.png in Resources */,
				FA4116E91A78463700FCC212 /* garbal_blips.wav in Resources */,
				FA4116E41A78463700FCC212 /* chom_one.wav in Resources */,
				48DD4C141AA8F9490044490F /* MediaItemCell.xib in Resources */,
				48D415571A783D60005CE91C /* fireball.png in Resources */,
				FF9CD94B1A7B852A005A3BD5 /* DrWizardConsoleBarExtender.png in Resources */,
				FA4116E61A78463700FCC212 /* clicks_one.wav in Resources */,
				B8F7F8131A7AB86700B55CC7 /* blackhole.png in Resources */,
				483339D61A76D32000344DC8 /* Rock.png in Resources */,
				FA4116DD1A78463700FCC212 /* blop_eleven.wav in Resources */,
				FA4116E01A78463700FCC212 /* blop_seven.wav in Resources */,
				487D5DE71A78221300359556 /* Spike.png in Resources */,
				FA4116E51A78463700FCC212 /* chom_two.wav in Resources */,
				B8A0F5141A7B1C3300EB9362 /* Magic.sks in Resources */,
				FA4116E11A78463700FCC212 /* blop_thirteen.wav in Resources */,
				FA4116E31A78463700FCC212 /* chaos.wav in Resources */,
				C4D707DB1A76BEFB00A990A1 /* LaunchScreen.xib in Resources */,
				FF9CD9471A7B779B005A3BD5 /* drWizardConsoleBar_3000_wLabels.png in Resources */,
				FA4116DE1A78463700FCC212 /* blop_four.wav in Resources */,
				483339D21A76C3AF00344DC8 /* dude.png in Resources */,
				55983BB91A7B68F20096CC8A /* dudeParticle.sks in Resources */,
				48D083B91A8832220088B654 /* dragon2.png in Resources */,
				48D415591A787019005CE91C /* alienspaceship.png in Resources */,
				C4D707D81A76BEFB00A990A1 /* Images.xcassets in Resources */,
				FA4116E71A78463700FCC212 /* clicks_three.wav in Resources */,
				FA4116ED1A78463700FCC212 /* lux.wav in Resources */,
				FA4116E81A78463700FCC212 /* clicks_two.wav in Resources */,
				B8A0F5181A7B1C4F00EB9362 /* bokeh.png in Resources */,
				552457421A96BB950065BF5D /* DevNotes in Resources */,
				FA4116EC1A78463700FCC212 /* tick_two.wav in Resources */,
				554877C41A89C22F005DE731 /* myrain.sks in Resources */,
				FA4116DF1A78463700FCC212 /* blop_nine.wav in Resources */,
				FA4116E21A78463700FCC212 /* blop_three.wav in Resources */,
				FFB0777E1A940F7300D77DEB /* GALACTICVANGUARDIANNCV.ttf in Resources */,
				C4D707D61A76BEFB00A990A1 /* Main.storyboard in Resources */,
				B8A0F5091A7B1B8300EB9362 /* sparks.sks in Resources */,
			);
			runOnlyForDeploymentPostprocessing = 0;
		};
		C4D707DE1A76BEFC00A990A1 /* Resources */ = {
			isa = PBXResourcesBuildPhase;
			buildActionMask = 2147483647;
			files = (
			);
			runOnlyForDeploymentPostprocessing = 0;
		};
/* End PBXResourcesBuildPhase section */

/* Begin PBXSourcesBuildPhase section */
		C4D707C31A76BEFB00A990A1 /* Sources */ = {
			isa = PBXSourcesBuildPhase;
			buildActionMask = 2147483647;
			files = (
				FA203EEF1A76C23C00FF4D64 /* MainMenuViewController.swift in Sources */,
				FFB495EB1A76F18000A67FF4 /* PopUpMenuController.swift in Sources */,
				554877C21A89BD6B005DE731 /* BackgroundLayer.swift in Sources */,
				48CA06541A92DAEE00E76C05 /* Alien.swift in Sources */,
				C4D707D11A76BEFB00A990A1 /* GameScene.swift in Sources */,
				48F91CA51A911A6300496E42 /* BlackHole.swift in Sources */,
				55236CAF1A8ED74C00C7905B /* Player.swift in Sources */,
				C0E2189F1A795DE300880E41 /* MediaItemCell.swift in Sources */,
				FA3FA04A1A96A80200D6A1F3 /* GameCenterKit.swift in Sources */,
				FAE5408F1A7866A000B72DFD /* MediaItemTableViewController.swift in Sources */,
				554877C01A89BAC4005DE731 /* SpaceScene.swift in Sources */,
				C4EA385D1A76C0AB00EC284C /* CGPoint+Extensions.swift in Sources */,
				55236CB11A8EE27200C7905B /* PinkRock.swift in Sources */,
				C4EA38661A76C0AB00EC284C /* SKTTimingFunctions.swift in Sources */,
				C4EA38651A76C0AB00EC284C /* SKTEffects.swift in Sources */,
				55D7F6C91A79914E006E8753 /* LooserScene.swift in Sources */,
				C0E64CBC1A781A2F009C8D10 /* AnimationController.swift in Sources */,
				C4EA38611A76C0AB00EC284C /* SKAction+SpecialEffects.swift in Sources */,
				C4EA385E1A76C0AB00EC284C /* CGVector+Extensions.swift in Sources */,
				C4EA38601A76C0AB00EC284C /* SKAction+Extensions.swift in Sources */,
				C4EA38621A76C0AB00EC284C /* SKColor+Extensions.swift in Sources */,
				48CA06561A92E50F00E76C05 /* FireBall.swift in Sources */,
				55769C801A91AA4A002B7B1B /* GameTime.swift in Sources */,
				55236CB31A8F181800C7905B /* Chaper.swift in Sources */,
				FA95887D1A7ADFAE0008F1FF /* WinScene.swift in Sources */,
				C4EA385F1A76C0AB00EC284C /* Int+Extensions.swift in Sources */,
				FA3FA04E1A96BE7000D6A1F3 /* AchievementsHelper.swift in Sources */,
				48F91CA31A911A0E00496E42 /* Dragon.swift in Sources */,
				C4EA38631A76C0AB00EC284C /* SKNode+Extensions.swift in Sources */,
				C4EA38641A76C0AB00EC284C /* SKTAudio.swift in Sources */,
				C4EA385C1A76C0AB00EC284C /* CGFloat+Extensions.swift in Sources */,
				C4EA38671A76C0AB00EC284C /* Vector3.swift in Sources */,
				C4D707CD1A76BEFB00A990A1 /* AppDelegate.swift in Sources */,
			);
			runOnlyForDeploymentPostprocessing = 0;
		};
		C4D707DC1A76BEFC00A990A1 /* Sources */ = {
			isa = PBXSourcesBuildPhase;
			buildActionMask = 2147483647;
			files = (
				C4D707E71A76BEFC00A990A1 /* DoctorWizardTests.swift in Sources */,
			);
			runOnlyForDeploymentPostprocessing = 0;
		};
/* End PBXSourcesBuildPhase section */

/* Begin PBXTargetDependency section */
		C4D707E21A76BEFC00A990A1 /* PBXTargetDependency */ = {
			isa = PBXTargetDependency;
			target = C4D707C61A76BEFB00A990A1 /* DoctorWizard */;
			targetProxy = C4D707E11A76BEFC00A990A1 /* PBXContainerItemProxy */;
		};
/* End PBXTargetDependency section */

/* Begin PBXVariantGroup section */
		C4D707D41A76BEFB00A990A1 /* Main.storyboard */ = {
			isa = PBXVariantGroup;
			children = (
				C4D707D51A76BEFB00A990A1 /* Base */,
			);
			name = Main.storyboard;
			sourceTree = "<group>";
		};
		C4D707D91A76BEFB00A990A1 /* LaunchScreen.xib */ = {
			isa = PBXVariantGroup;
			children = (
				C4D707DA1A76BEFB00A990A1 /* Base */,
			);
			name = LaunchScreen.xib;
			sourceTree = "<group>";
		};
/* End PBXVariantGroup section */

/* Begin XCBuildConfiguration section */
		C4D707E81A76BEFC00A990A1 /* Debug */ = {
			isa = XCBuildConfiguration;
			buildSettings = {
				ALWAYS_SEARCH_USER_PATHS = NO;
				CLANG_CXX_LANGUAGE_STANDARD = "gnu++0x";
				CLANG_CXX_LIBRARY = "libc++";
				CLANG_ENABLE_MODULES = YES;
				CLANG_ENABLE_OBJC_ARC = YES;
				CLANG_WARN_BOOL_CONVERSION = YES;
				CLANG_WARN_CONSTANT_CONVERSION = YES;
				CLANG_WARN_DIRECT_OBJC_ISA_USAGE = YES_ERROR;
				CLANG_WARN_EMPTY_BODY = YES;
				CLANG_WARN_ENUM_CONVERSION = YES;
				CLANG_WARN_INT_CONVERSION = YES;
				CLANG_WARN_OBJC_ROOT_CLASS = YES_ERROR;
				CLANG_WARN_UNREACHABLE_CODE = YES;
				CLANG_WARN__DUPLICATE_METHOD_MATCH = YES;
				"CODE_SIGN_IDENTITY[sdk=iphoneos*]" = "iPhone Developer";
				COPY_PHASE_STRIP = NO;
				ENABLE_STRICT_OBJC_MSGSEND = YES;
				GCC_C_LANGUAGE_STANDARD = gnu99;
				GCC_DYNAMIC_NO_PIC = NO;
				GCC_OPTIMIZATION_LEVEL = 0;
				GCC_PREPROCESSOR_DEFINITIONS = (
					"DEBUG=1",
					"$(inherited)",
				);
				GCC_SYMBOLS_PRIVATE_EXTERN = NO;
				GCC_WARN_64_TO_32_BIT_CONVERSION = YES;
				GCC_WARN_ABOUT_RETURN_TYPE = YES_ERROR;
				GCC_WARN_UNDECLARED_SELECTOR = YES;
				GCC_WARN_UNINITIALIZED_AUTOS = YES_AGGRESSIVE;
				GCC_WARN_UNUSED_FUNCTION = YES;
				GCC_WARN_UNUSED_VARIABLE = YES;
				IPHONEOS_DEPLOYMENT_TARGET = 8.1;
				MTL_ENABLE_DEBUG_INFO = YES;
				ONLY_ACTIVE_ARCH = YES;
				SDKROOT = iphoneos;
				SWIFT_OPTIMIZATION_LEVEL = "-Onone";
				TARGETED_DEVICE_FAMILY = "1,2";
			};
			name = Debug;
		};
		C4D707E91A76BEFC00A990A1 /* Release */ = {
			isa = XCBuildConfiguration;
			buildSettings = {
				ALWAYS_SEARCH_USER_PATHS = NO;
				CLANG_CXX_LANGUAGE_STANDARD = "gnu++0x";
				CLANG_CXX_LIBRARY = "libc++";
				CLANG_ENABLE_MODULES = YES;
				CLANG_ENABLE_OBJC_ARC = YES;
				CLANG_WARN_BOOL_CONVERSION = YES;
				CLANG_WARN_CONSTANT_CONVERSION = YES;
				CLANG_WARN_DIRECT_OBJC_ISA_USAGE = YES_ERROR;
				CLANG_WARN_EMPTY_BODY = YES;
				CLANG_WARN_ENUM_CONVERSION = YES;
				CLANG_WARN_INT_CONVERSION = YES;
				CLANG_WARN_OBJC_ROOT_CLASS = YES_ERROR;
				CLANG_WARN_UNREACHABLE_CODE = YES;
				CLANG_WARN__DUPLICATE_METHOD_MATCH = YES;
				"CODE_SIGN_IDENTITY[sdk=iphoneos*]" = "iPhone Developer";
				COPY_PHASE_STRIP = YES;
				ENABLE_NS_ASSERTIONS = NO;
				ENABLE_STRICT_OBJC_MSGSEND = YES;
				GCC_C_LANGUAGE_STANDARD = gnu99;
				GCC_WARN_64_TO_32_BIT_CONVERSION = YES;
				GCC_WARN_ABOUT_RETURN_TYPE = YES_ERROR;
				GCC_WARN_UNDECLARED_SELECTOR = YES;
				GCC_WARN_UNINITIALIZED_AUTOS = YES_AGGRESSIVE;
				GCC_WARN_UNUSED_FUNCTION = YES;
				GCC_WARN_UNUSED_VARIABLE = YES;
				IPHONEOS_DEPLOYMENT_TARGET = 8.1;
				MTL_ENABLE_DEBUG_INFO = NO;
				SDKROOT = iphoneos;
				TARGETED_DEVICE_FAMILY = "1,2";
				VALIDATE_PRODUCT = YES;
			};
			name = Release;
		};
		C4D707EB1A76BEFC00A990A1 /* Debug */ = {
			isa = XCBuildConfiguration;
			buildSettings = {
				ASSETCATALOG_COMPILER_APPICON_NAME = AppIcon;
				CODE_SIGN_IDENTITY = "iPhone Developer";
				INFOPLIST_FILE = DoctorWizard/Info.plist;
				LD_RUNPATH_SEARCH_PATHS = "$(inherited) @executable_path/Frameworks";
				PRODUCT_NAME = "$(TARGET_NAME)";
			};
			name = Debug;
		};
		C4D707EC1A76BEFC00A990A1 /* Release */ = {
			isa = XCBuildConfiguration;
			buildSettings = {
				ASSETCATALOG_COMPILER_APPICON_NAME = AppIcon;
				CODE_SIGN_IDENTITY = "iPhone Developer";
				INFOPLIST_FILE = DoctorWizard/Info.plist;
				LD_RUNPATH_SEARCH_PATHS = "$(inherited) @executable_path/Frameworks";
				PRODUCT_NAME = "$(TARGET_NAME)";
			};
			name = Release;
		};
		C4D707EE1A76BEFC00A990A1 /* Debug */ = {
			isa = XCBuildConfiguration;
			buildSettings = {
				BUNDLE_LOADER = "$(TEST_HOST)";
				FRAMEWORK_SEARCH_PATHS = (
					"$(SDKROOT)/Developer/Library/Frameworks",
					"$(inherited)",
				);
				GCC_PREPROCESSOR_DEFINITIONS = (
					"DEBUG=1",
					"$(inherited)",
				);
				INFOPLIST_FILE = DoctorWizardTests/Info.plist;
				LD_RUNPATH_SEARCH_PATHS = "$(inherited) @executable_path/Frameworks @loader_path/Frameworks";
				PRODUCT_NAME = "$(TARGET_NAME)";
				TEST_HOST = "$(BUILT_PRODUCTS_DIR)/DoctorWizard.app/DoctorWizard";
			};
			name = Debug;
		};
		C4D707EF1A76BEFC00A990A1 /* Release */ = {
			isa = XCBuildConfiguration;
			buildSettings = {
				BUNDLE_LOADER = "$(TEST_HOST)";
				FRAMEWORK_SEARCH_PATHS = (
					"$(SDKROOT)/Developer/Library/Frameworks",
					"$(inherited)",
				);
				INFOPLIST_FILE = DoctorWizardTests/Info.plist;
				LD_RUNPATH_SEARCH_PATHS = "$(inherited) @executable_path/Frameworks @loader_path/Frameworks";
				PRODUCT_NAME = "$(TARGET_NAME)";
				TEST_HOST = "$(BUILT_PRODUCTS_DIR)/DoctorWizard.app/DoctorWizard";
			};
			name = Release;
		};
/* End XCBuildConfiguration section */

/* Begin XCConfigurationList section */
		C4D707C21A76BEFB00A990A1 /* Build configuration list for PBXProject "DoctorWizard" */ = {
			isa = XCConfigurationList;
			buildConfigurations = (
				C4D707E81A76BEFC00A990A1 /* Debug */,
				C4D707E91A76BEFC00A990A1 /* Release */,
			);
			defaultConfigurationIsVisible = 0;
			defaultConfigurationName = Release;
		};
		C4D707EA1A76BEFC00A990A1 /* Build configuration list for PBXNativeTarget "DoctorWizard" */ = {
			isa = XCConfigurationList;
			buildConfigurations = (
				C4D707EB1A76BEFC00A990A1 /* Debug */,
				C4D707EC1A76BEFC00A990A1 /* Release */,
			);
			defaultConfigurationIsVisible = 0;
			defaultConfigurationName = Release;
		};
		C4D707ED1A76BEFC00A990A1 /* Build configuration list for PBXNativeTarget "DoctorWizardTests" */ = {
			isa = XCConfigurationList;
			buildConfigurations = (
				C4D707EE1A76BEFC00A990A1 /* Debug */,
				C4D707EF1A76BEFC00A990A1 /* Release */,
			);
			defaultConfigurationIsVisible = 0;
			defaultConfigurationName = Release;
		};
/* End XCConfigurationList section */
	};
	rootObject = C4D707BF1A76BEFB00A990A1 /* Project object */;
}
